
Microsoft Visual Studio Solution File, Format Version 12.00
# Visual Studio Version 17
VisualStudioVersion = 17.9.34622.214
MinimumVisualStudioVersion = 10.0.40219.1
Project("{FAE04EC0-301F-11D3-BF4B-00C04F79EFBC}") = "Ej04", "Ej04\Ej04.csproj", "{8C037DB0-635A-465D-885D-376D4463E21C}"
EndProject
Global
	GlobalSection(SolutionConfigurationPlatforms) = preSolution
		Debug|Any CPU = Debug|Any CPU
		Release|Any CPU = Release|Any CPU
	EndGlobalSection
	GlobalSection(ProjectConfigurationPlatforms) = postSolution
		{8C037DB0-635A-465D-885D-376D4463E21C}.Debug|Any CPU.ActiveCfg = Debug|Any CPU
		{8C037DB0-635A-465D-885D-376D4463E21C}.Debug|Any CPU.Build.0 = Debug|Any CPU
		{8C037DB0-635A-465D-885D-376D4463E21C}.Release|Any CPU.ActiveCfg = Release|Any CPU
		{8C037DB0-635A-465D-885D-376D4463E21C}.Release|Any CPU.Build.0 = Release|Any CPU
	EndGlobalSection
	GlobalSection(SolutionProperties) = preSolution
		HideSolutionNode = FALSE
	EndGlobalSection
	GlobalSection(ExtensibilityGlobals) = postSolution
		SolutionGuid = {9EA40348-2371-446B-9A24-14CACE7D7215}
	EndGlobalSection
EndGlobal
