
Microsoft Visual Studio Solution File, Format Version 12.00
# Visual Studio Version 17
VisualStudioVersion = 17.11.35222.181
MinimumVisualStudioVersion = 10.0.40219.1
Project("{FAE04EC0-301F-11D3-BF4B-00C04F79EFBC}") = "WebSoporte", "WebSoporte\WebSoporte.csproj", "{6B39EC78-638D-4039-A9BA-F9B938222160}"
EndProject
Global
	GlobalSection(SolutionConfigurationPlatforms) = preSolution
		Debug|Any CPU = Debug|Any CPU
		Release|Any CPU = Release|Any CPU
	EndGlobalSection
	GlobalSection(ProjectConfigurationPlatforms) = postSolution
		{6B39EC78-638D-4039-A9BA-F9B938222160}.Debug|Any CPU.ActiveCfg = Debug|Any CPU
		{6B39EC78-638D-4039-A9BA-F9B938222160}.Debug|Any CPU.Build.0 = Debug|Any CPU
		{6B39EC78-638D-4039-A9BA-F9B938222160}.Release|Any CPU.ActiveCfg = Release|Any CPU
		{6B39EC78-638D-4039-A9BA-F9B938222160}.Release|Any CPU.Build.0 = Release|Any CPU
	EndGlobalSection
	GlobalSection(SolutionProperties) = preSolution
		HideSolutionNode = FALSE
	EndGlobalSection
	GlobalSection(ExtensibilityGlobals) = postSolution
		SolutionGuid = {E8002453-C584-439E-A3DB-36B00A30FCAD}
	EndGlobalSection
EndGlobal
